
Microsoft Visual Studio Solution File, Format Version 12.00
# Visual Studio Version 17
VisualStudioVersion = 17.6.33712.159
MinimumVisualStudioVersion = 10.0.40219.1
Project("{FAE04EC0-301F-11D3-BF4B-00C04F79EFBC}") = "VentaCredimax", "VentaCredimax\VentaCredimax.csproj", "{CCC9792D-40D8-4D12-8D0B-DCFD943C06B1}"
EndProject
Project("{FAE04EC0-301F-11D3-BF4B-00C04F79EFBC}") = "CDatos", "CDatos\CDatos.csproj", "{A34B37F5-89FC-4601-8E1A-9AE3A3B4D90C}"
EndProject
Project("{FAE04EC0-301F-11D3-BF4B-00C04F79EFBC}") = "CLogica", "CLogica\CLogica.csproj", "{8CDB398E-8B08-4585-883A-99F1D8018CAB}"
EndProject
Project("{FAE04EC0-301F-11D3-BF4B-00C04F79EFBC}") = "CEntidades", "CEntidades\CEntidades.csproj", "{1CC06D7A-8FEF-40D7-B0F6-EB48264DD390}"
EndProject
Global
	GlobalSection(SolutionConfigurationPlatforms) = preSolution
		Debug|Any CPU = Debug|Any CPU
		DebugLocal|Any CPU = DebugLocal|Any CPU
		Release|Any CPU = Release|Any CPU
	EndGlobalSection
	GlobalSection(ProjectConfigurationPlatforms) = postSolution
		{CCC9792D-40D8-4D12-8D0B-DCFD943C06B1}.Debug|Any CPU.ActiveCfg = Debug|Any CPU
		{CCC9792D-40D8-4D12-8D0B-DCFD943C06B1}.Debug|Any CPU.Build.0 = Debug|Any CPU
		{CCC9792D-40D8-4D12-8D0B-DCFD943C06B1}.DebugLocal|Any CPU.ActiveCfg = Debug|Any CPU
		{CCC9792D-40D8-4D12-8D0B-DCFD943C06B1}.DebugLocal|Any CPU.Build.0 = Debug|Any CPU
		{CCC9792D-40D8-4D12-8D0B-DCFD943C06B1}.Release|Any CPU.ActiveCfg = Release|Any CPU
		{CCC9792D-40D8-4D12-8D0B-DCFD943C06B1}.Release|Any CPU.Build.0 = Release|Any CPU
		{A34B37F5-89FC-4601-8E1A-9AE3A3B4D90C}.Debug|Any CPU.ActiveCfg = Debug|Any CPU
		{A34B37F5-89FC-4601-8E1A-9AE3A3B4D90C}.Debug|Any CPU.Build.0 = Debug|Any CPU
		{A34B37F5-89FC-4601-8E1A-9AE3A3B4D90C}.DebugLocal|Any CPU.ActiveCfg = Debug|Any CPU
		{A34B37F5-89FC-4601-8E1A-9AE3A3B4D90C}.DebugLocal|Any CPU.Build.0 = Debug|Any CPU
		{A34B37F5-89FC-4601-8E1A-9AE3A3B4D90C}.Release|Any CPU.ActiveCfg = Release|Any CPU
		{A34B37F5-89FC-4601-8E1A-9AE3A3B4D90C}.Release|Any CPU.Build.0 = Release|Any CPU
		{8CDB398E-8B08-4585-883A-99F1D8018CAB}.Debug|Any CPU.ActiveCfg = Debug|Any CPU
		{8CDB398E-8B08-4585-883A-99F1D8018CAB}.Debug|Any CPU.Build.0 = Debug|Any CPU
		{8CDB398E-8B08-4585-883A-99F1D8018CAB}.DebugLocal|Any CPU.ActiveCfg = Debug|Any CPU
		{8CDB398E-8B08-4585-883A-99F1D8018CAB}.DebugLocal|Any CPU.Build.0 = Debug|Any CPU
		{8CDB398E-8B08-4585-883A-99F1D8018CAB}.Release|Any CPU.ActiveCfg = Release|Any CPU
		{8CDB398E-8B08-4585-883A-99F1D8018CAB}.Release|Any CPU.Build.0 = Release|Any CPU
		{1CC06D7A-8FEF-40D7-B0F6-EB48264DD390}.Debug|Any CPU.ActiveCfg = Debug|Any CPU
		{1CC06D7A-8FEF-40D7-B0F6-EB48264DD390}.Debug|Any CPU.Build.0 = Debug|Any CPU
		{1CC06D7A-8FEF-40D7-B0F6-EB48264DD390}.DebugLocal|Any CPU.ActiveCfg = Debug|Any CPU
		{1CC06D7A-8FEF-40D7-B0F6-EB48264DD390}.DebugLocal|Any CPU.Build.0 = Debug|Any CPU
		{1CC06D7A-8FEF-40D7-B0F6-EB48264DD390}.Release|Any CPU.ActiveCfg = Release|Any CPU
		{1CC06D7A-8FEF-40D7-B0F6-EB48264DD390}.Release|Any CPU.Build.0 = Release|Any CPU
	EndGlobalSection
	GlobalSection(SolutionProperties) = preSolution
		HideSolutionNode = FALSE
	EndGlobalSection
	GlobalSection(ExtensibilityGlobals) = postSolution
		SolutionGuid = {840A96A9-D8AF-45FA-B817-FA36162FC81A}
	EndGlobalSection
EndGlobal
